
Microsoft Visual Studio Solution File, Format Version 12.00
# Visual Studio Version 17
VisualStudioVersion = 17.1.32328.378
MinimumVisualStudioVersion = 10.0.40219.1
Project("{9A19103F-16F7-4668-BE54-9A1E7A4F7556}") = "AKDEMIC.INTRANET", "AKDEMIC.INTRANET\AKDEMIC.INTRANET.csproj", "{5900E790-4592-4092-93AC-030FF4F969BA}"
EndProject
Project("{9A19103F-16F7-4668-BE54-9A1E7A4F7556}") = "AKDEMIC.CORE", "AKDEMIC.CORE\AKDEMIC.CORE.csproj", "{1932051E-D5BD-4186-84FC-558202B87985}"
EndProject
Project("{9A19103F-16F7-4668-BE54-9A1E7A4F7556}") = "AKDEMIC.ENTITIES", "AKDEMIC.ENTITIES\AKDEMIC.ENTITIES.csproj", "{BDBDECCD-7C11-41CE-91EA-714DAEBE0154}"
EndProject
Project("{9A19103F-16F7-4668-BE54-9A1E7A4F7556}") = "AKDEMIC.REPOSITORY", "AKDEMIC.REPOSITORY\AKDEMIC.REPOSITORY.csproj", "{2F18892D-8FC0-4A0D-BCA7-914F7FA6EB1C}"
EndProject
Project("{9A19103F-16F7-4668-BE54-9A1E7A4F7556}") = "AKDEMIC.SERVICE", "AKDEMIC.SERVICE\AKDEMIC.SERVICE.csproj", "{9E3E9A11-DB68-4131-B595-3D4804803904}"
EndProject
Project("{9A19103F-16F7-4668-BE54-9A1E7A4F7556}") = "AKDEMIC.ECONOMICMANAGEMENT", "AKDEMIC.ECONOMICMANAGEMENT\AKDEMIC.ECONOMICMANAGEMENT.csproj", "{6C205170-8550-4B4B-9AC2-EE9A5A4D565C}"
EndProject
Project("{9A19103F-16F7-4668-BE54-9A1E7A4F7556}") = "AKDEMIC.DEGREE", "AKDEMIC.DEGREE\AKDEMIC.DEGREE.csproj", "{9CC4AC0D-B89E-4EB3-BA3D-733FEEA86CBA}"
EndProject
Project("{9A19103F-16F7-4668-BE54-9A1E7A4F7556}") = "AKDEMIC.TUTORING", "AKDEMIC.TUTORING\AKDEMIC.TUTORING.csproj", "{15538166-8499-4EA8-B953-72A042FB38A3}"
EndProject
Project("{9A19103F-16F7-4668-BE54-9A1E7A4F7556}") = "AKDEMIC.WEBSERVICE", "AKDEMIC.WEBSERVICE\AKDEMIC.WEBSERVICE.csproj", "{ACED2B6A-7248-4F90-B1ED-E61752936038}"
EndProject
Project("{9A19103F-16F7-4668-BE54-9A1E7A4F7556}") = "AKDEMIC.INSTITUTIONALWELFARE", "AKDEMIC.INSTITUTIONALWELFARE\AKDEMIC.INSTITUTIONALWELFARE.csproj", "{27D66E16-396D-4D1C-A665-CCEA7003163E}"
EndProject
Project("{2150E333-8FDC-42A3-9474-1A3956D46DE8}") = "AKDEMIC.COMMON", "AKDEMIC.COMMON", "{14B9F400-BD34-4AC4-89F7-E7AF89523C6C}"
EndProject
Project("{2150E333-8FDC-42A3-9474-1A3956D46DE8}") = "Scripts", "Scripts", "{D6538690-E324-479E-9C94-260C7F0F7387}"
	ProjectSection(SolutionItems) = preProject
		AKDEMIC.COMMON\Scripts\copy.ps1 = AKDEMIC.COMMON\Scripts\copy.ps1
	EndProjectSection
EndProject
Project("{2150E333-8FDC-42A3-9474-1A3956D46DE8}") = "Shareds", "Shareds", "{27CA7719-1C89-4E56-B8E1-E397D31A554A}"
	ProjectSection(SolutionItems) = preProject
		AKDEMIC.COMMON\Shareds\.editorconfig = AKDEMIC.COMMON\Shareds\.editorconfig
		AKDEMIC.COMMON\Shareds\.eslintignore = AKDEMIC.COMMON\Shareds\.eslintignore
		AKDEMIC.COMMON\Shareds\.eslintrc = AKDEMIC.COMMON\Shareds\.eslintrc
		AKDEMIC.COMMON\Shareds\package-lock.json = AKDEMIC.COMMON\Shareds\package-lock.json
		AKDEMIC.COMMON\Shareds\package.json = AKDEMIC.COMMON\Shareds\package.json
		AKDEMIC.COMMON\Shareds\tsconfig.json = AKDEMIC.COMMON\Shareds\tsconfig.json
	EndProjectSection
EndProject
Project("{2150E333-8FDC-42A3-9474-1A3956D46DE8}") = "wwwroot", "wwwroot", "{D37E70E2-9D36-4F7D-93F7-05A8C611A68B}"
EndProject
Project("{2150E333-8FDC-42A3-9474-1A3956D46DE8}") = "js", "js", "{7A95F477-7209-4919-B07F-A20852BE8206}"
	ProjectSection(SolutionItems) = preProject
		AKDEMIC.COMMON\Shareds\wwwroot\js\tsconfig.ts = AKDEMIC.COMMON\Shareds\wwwroot\js\tsconfig.ts
	EndProjectSection
EndProject
Project("{2150E333-8FDC-42A3-9474-1A3956D46DE8}") = "Resources", "Resources", "{62547B69-BBB7-4ECC-9DE2-7C3F5BC1EFF5}"
	ProjectSection(SolutionItems) = preProject
		AKDEMIC.COMMON\Resources\DinkToPdf.html = AKDEMIC.COMMON\Resources\DinkToPdf.html
		AKDEMIC.COMMON\Resources\Shortcut.txt = AKDEMIC.COMMON\Resources\Shortcut.txt
	EndProjectSection
EndProject
Project("{9A19103F-16F7-4668-BE54-9A1E7A4F7556}") = "AKDEMIC.PDF", "AKDEMIC.PDF\AKDEMIC.PDF.csproj", "{C55F8903-6EDF-464C-9710-FEDD2EE9A8FA}"
EndProject
Project("{FAE04EC0-301F-11D3-BF4B-00C04F79EFBC}") = "AKDEMIC.POSDEGREE", "AKDEMIC.POSDEGREE\AKDEMIC.POSDEGREE.csproj", "{B9AD3D89-E038-4C8F-8744-670B8B529505}"
EndProject
Global
	GlobalSection(SolutionConfigurationPlatforms) = preSolution
		Debug|Any CPU = Debug|Any CPU
		Release|Any CPU = Release|Any CPU
	EndGlobalSection
	GlobalSection(ProjectConfigurationPlatforms) = postSolution
		{5900E790-4592-4092-93AC-030FF4F969BA}.Debug|Any CPU.ActiveCfg = Debug|Any CPU
		{5900E790-4592-4092-93AC-030FF4F969BA}.Debug|Any CPU.Build.0 = Debug|Any CPU
		{5900E790-4592-4092-93AC-030FF4F969BA}.Release|Any CPU.ActiveCfg = Release|Any CPU
		{5900E790-4592-4092-93AC-030FF4F969BA}.Release|Any CPU.Build.0 = Release|Any CPU
		{1932051E-D5BD-4186-84FC-558202B87985}.Debug|Any CPU.ActiveCfg = Debug|Any CPU
		{1932051E-D5BD-4186-84FC-558202B87985}.Debug|Any CPU.Build.0 = Debug|Any CPU
		{1932051E-D5BD-4186-84FC-558202B87985}.Release|Any CPU.ActiveCfg = Release|Any CPU
		{1932051E-D5BD-4186-84FC-558202B87985}.Release|Any CPU.Build.0 = Release|Any CPU
		{BDBDECCD-7C11-41CE-91EA-714DAEBE0154}.Debug|Any CPU.ActiveCfg = Debug|Any CPU
		{BDBDECCD-7C11-41CE-91EA-714DAEBE0154}.Debug|Any CPU.Build.0 = Debug|Any CPU
		{BDBDECCD-7C11-41CE-91EA-714DAEBE0154}.Release|Any CPU.ActiveCfg = Release|Any CPU
		{BDBDECCD-7C11-41CE-91EA-714DAEBE0154}.Release|Any CPU.Build.0 = Release|Any CPU
		{2F18892D-8FC0-4A0D-BCA7-914F7FA6EB1C}.Debug|Any CPU.ActiveCfg = Debug|Any CPU
		{2F18892D-8FC0-4A0D-BCA7-914F7FA6EB1C}.Debug|Any CPU.Build.0 = Debug|Any CPU
		{2F18892D-8FC0-4A0D-BCA7-914F7FA6EB1C}.Release|Any CPU.ActiveCfg = Release|Any CPU
		{2F18892D-8FC0-4A0D-BCA7-914F7FA6EB1C}.Release|Any CPU.Build.0 = Release|Any CPU
		{9E3E9A11-DB68-4131-B595-3D4804803904}.Debug|Any CPU.ActiveCfg = Debug|Any CPU
		{9E3E9A11-DB68-4131-B595-3D4804803904}.Debug|Any CPU.Build.0 = Debug|Any CPU
		{9E3E9A11-DB68-4131-B595-3D4804803904}.Release|Any CPU.ActiveCfg = Release|Any CPU
		{9E3E9A11-DB68-4131-B595-3D4804803904}.Release|Any CPU.Build.0 = Release|Any CPU
		{6C205170-8550-4B4B-9AC2-EE9A5A4D565C}.Debug|Any CPU.ActiveCfg = Debug|Any CPU
		{6C205170-8550-4B4B-9AC2-EE9A5A4D565C}.Debug|Any CPU.Build.0 = Debug|Any CPU
		{6C205170-8550-4B4B-9AC2-EE9A5A4D565C}.Release|Any CPU.ActiveCfg = Release|Any CPU
		{6C205170-8550-4B4B-9AC2-EE9A5A4D565C}.Release|Any CPU.Build.0 = Release|Any CPU
		{9CC4AC0D-B89E-4EB3-BA3D-733FEEA86CBA}.Debug|Any CPU.ActiveCfg = Debug|Any CPU
		{9CC4AC0D-B89E-4EB3-BA3D-733FEEA86CBA}.Debug|Any CPU.Build.0 = Debug|Any CPU
		{9CC4AC0D-B89E-4EB3-BA3D-733FEEA86CBA}.Release|Any CPU.ActiveCfg = Release|Any CPU
		{9CC4AC0D-B89E-4EB3-BA3D-733FEEA86CBA}.Release|Any CPU.Build.0 = Release|Any CPU
		{15538166-8499-4EA8-B953-72A042FB38A3}.Debug|Any CPU.ActiveCfg = Debug|Any CPU
		{15538166-8499-4EA8-B953-72A042FB38A3}.Debug|Any CPU.Build.0 = Debug|Any CPU
		{15538166-8499-4EA8-B953-72A042FB38A3}.Release|Any CPU.ActiveCfg = Release|Any CPU
		{15538166-8499-4EA8-B953-72A042FB38A3}.Release|Any CPU.Build.0 = Release|Any CPU
		{ACED2B6A-7248-4F90-B1ED-E61752936038}.Debug|Any CPU.ActiveCfg = Debug|Any CPU
		{ACED2B6A-7248-4F90-B1ED-E61752936038}.Debug|Any CPU.Build.0 = Debug|Any CPU
		{ACED2B6A-7248-4F90-B1ED-E61752936038}.Release|Any CPU.ActiveCfg = Release|Any CPU
		{ACED2B6A-7248-4F90-B1ED-E61752936038}.Release|Any CPU.Build.0 = Release|Any CPU
		{27D66E16-396D-4D1C-A665-CCEA7003163E}.Debug|Any CPU.ActiveCfg = Debug|Any CPU
		{27D66E16-396D-4D1C-A665-CCEA7003163E}.Debug|Any CPU.Build.0 = Debug|Any CPU
		{27D66E16-396D-4D1C-A665-CCEA7003163E}.Release|Any CPU.ActiveCfg = Release|Any CPU
		{27D66E16-396D-4D1C-A665-CCEA7003163E}.Release|Any CPU.Build.0 = Release|Any CPU
		{C55F8903-6EDF-464C-9710-FEDD2EE9A8FA}.Debug|Any CPU.ActiveCfg = Debug|Any CPU
		{C55F8903-6EDF-464C-9710-FEDD2EE9A8FA}.Debug|Any CPU.Build.0 = Debug|Any CPU
		{C55F8903-6EDF-464C-9710-FEDD2EE9A8FA}.Release|Any CPU.ActiveCfg = Release|Any CPU
		{C55F8903-6EDF-464C-9710-FEDD2EE9A8FA}.Release|Any CPU.Build.0 = Release|Any CPU
		{B9AD3D89-E038-4C8F-8744-670B8B529505}.Debug|Any CPU.ActiveCfg = Debug|Any CPU
		{B9AD3D89-E038-4C8F-8744-670B8B529505}.Debug|Any CPU.Build.0 = Debug|Any CPU
		{B9AD3D89-E038-4C8F-8744-670B8B529505}.Release|Any CPU.ActiveCfg = Release|Any CPU
		{B9AD3D89-E038-4C8F-8744-670B8B529505}.Release|Any CPU.Build.0 = Release|Any CPU
	EndGlobalSection
	GlobalSection(SolutionProperties) = preSolution
		HideSolutionNode = FALSE
	EndGlobalSection
	GlobalSection(NestedProjects) = preSolution
		{D6538690-E324-479E-9C94-260C7F0F7387} = {14B9F400-BD34-4AC4-89F7-E7AF89523C6C}
		{27CA7719-1C89-4E56-B8E1-E397D31A554A} = {14B9F400-BD34-4AC4-89F7-E7AF89523C6C}
		{D37E70E2-9D36-4F7D-93F7-05A8C611A68B} = {27CA7719-1C89-4E56-B8E1-E397D31A554A}
		{7A95F477-7209-4919-B07F-A20852BE8206} = {D37E70E2-9D36-4F7D-93F7-05A8C611A68B}
		{62547B69-BBB7-4ECC-9DE2-7C3F5BC1EFF5} = {14B9F400-BD34-4AC4-89F7-E7AF89523C6C}
	EndGlobalSection
	GlobalSection(ExtensibilityGlobals) = postSolution
		SolutionGuid = {382F73BB-4149-406E-A844-B81C91DF595A}
	EndGlobalSection
EndGlobal
